
Microsoft Visual Studio Solution File, Format Version 12.00
# Visual Studio Version 16
VisualStudioVersion = 16.0.30114.105
MinimumVisualStudioVersion = 10.0.40219.1
Project("{9A19103F-16F7-4668-BE54-9A1E7A4F7556}") = "XOR decryption", "XOR decryption\XOR decryption.csproj", "{26F14BDB-6EA3-403F-8633-F388BB025784}"
EndProject
Project("{FAE04EC0-301F-11D3-BF4B-00C04F79EFBC}") = "GoingToTheCinema", "GoingToTheCinema\GoingToTheCinema.csproj", "{EECC2418-DBEA-4D8F-8D32-0E98E3CBA195}"
EndProject
Global
	GlobalSection(SolutionConfigurationPlatforms) = preSolution
		Debug|Any CPU = Debug|Any CPU
		Release|Any CPU = Release|Any CPU
	EndGlobalSection
	GlobalSection(ProjectConfigurationPlatforms) = postSolution
		{26F14BDB-6EA3-403F-8633-F388BB025784}.Debug|Any CPU.ActiveCfg = Debug|Any CPU
		{26F14BDB-6EA3-403F-8633-F388BB025784}.Debug|Any CPU.Build.0 = Debug|Any CPU
		{26F14BDB-6EA3-403F-8633-F388BB025784}.Release|Any CPU.ActiveCfg = Release|Any CPU
		{26F14BDB-6EA3-403F-8633-F388BB025784}.Release|Any CPU.Build.0 = Release|Any CPU
		{EECC2418-DBEA-4D8F-8D32-0E98E3CBA195}.Debug|Any CPU.ActiveCfg = Debug|Any CPU
		{EECC2418-DBEA-4D8F-8D32-0E98E3CBA195}.Debug|Any CPU.Build.0 = Debug|Any CPU
		{EECC2418-DBEA-4D8F-8D32-0E98E3CBA195}.Release|Any CPU.ActiveCfg = Release|Any CPU
		{EECC2418-DBEA-4D8F-8D32-0E98E3CBA195}.Release|Any CPU.Build.0 = Release|Any CPU
	EndGlobalSection
	GlobalSection(SolutionProperties) = preSolution
		HideSolutionNode = FALSE
	EndGlobalSection
	GlobalSection(ExtensibilityGlobals) = postSolution
		SolutionGuid = {843DCE57-9DCB-4CE1-9887-2BB6708078AE}
	EndGlobalSection
EndGlobal
