
Microsoft Visual Studio Solution File, Format Version 12.00
# Visual Studio Version 16
VisualStudioVersion = 16.0.29728.190
MinimumVisualStudioVersion = 10.0.40219.1
Project("{FAE04EC0-301F-11D3-BF4B-00C04F79EFBC}") = "CarParkEscape", "CarParkEscape.csproj", "{A7604B2D-53C4-4412-AA95-8D65404A0955}"
EndProject
Global
	GlobalSection(SolutionConfigurationPlatforms) = preSolution
		Debug|Any CPU = Debug|Any CPU
		Release|Any CPU = Release|Any CPU
	EndGlobalSection
	GlobalSection(ProjectConfigurationPlatforms) = postSolution
		{A7604B2D-53C4-4412-AA95-8D65404A0955}.Debug|Any CPU.ActiveCfg = Debug|Any CPU
		{A7604B2D-53C4-4412-AA95-8D65404A0955}.Debug|Any CPU.Build.0 = Debug|Any CPU
		{A7604B2D-53C4-4412-AA95-8D65404A0955}.Release|Any CPU.ActiveCfg = Release|Any CPU
		{A7604B2D-53C4-4412-AA95-8D65404A0955}.Release|Any CPU.Build.0 = Release|Any CPU
	EndGlobalSection
	GlobalSection(SolutionProperties) = preSolution
		HideSolutionNode = FALSE
	EndGlobalSection
	GlobalSection(ExtensibilityGlobals) = postSolution
		SolutionGuid = {1F447C72-BD9E-4641-8228-BD3DD1C8A62F}
	EndGlobalSection
EndGlobal
